
Microsoft Visual Studio Solution File, Format Version 12.00
# Visual Studio Version 17
VisualStudioVersion = 17.1.32210.238
MinimumVisualStudioVersion = 10.0.40219.1
Project("{FAE04EC0-301F-11D3-BF4B-00C04F79EFBC}") = "MiniDashboard", "MiniDashboard\MiniDashboard.csproj", "{8EA9EB35-5B86-4AA7-B634-A63334A5313D}"
EndProject
Global
	GlobalSection(SolutionConfigurationPlatforms) = preSolution
		Debug|Any CPU = Debug|Any CPU
		Release|Any CPU = Release|Any CPU
	EndGlobalSection
	GlobalSection(ProjectConfigurationPlatforms) = postSolution
		{8EA9EB35-5B86-4AA7-B634-A63334A5313D}.Debug|Any CPU.ActiveCfg = Debug|Any CPU
		{8EA9EB35-5B86-4AA7-B634-A63334A5313D}.Debug|Any CPU.Build.0 = Debug|Any CPU
		{8EA9EB35-5B86-4AA7-B634-A63334A5313D}.Release|Any CPU.ActiveCfg = Release|Any CPU
		{8EA9EB35-5B86-4AA7-B634-A63334A5313D}.Release|Any CPU.Build.0 = Release|Any CPU
	EndGlobalSection
	GlobalSection(SolutionProperties) = preSolution
		HideSolutionNode = FALSE
	EndGlobalSection
	GlobalSection(ExtensibilityGlobals) = postSolution
		SolutionGuid = {C2326354-FB48-447D-80F9-100F4F726425}
	EndGlobalSection
EndGlobal
